
Microsoft Visual Studio Solution File, Format Version 12.00
# Visual Studio Version 17
VisualStudioVersion = 17.0.32112.339
MinimumVisualStudioVersion = 10.0.40219.1
Project("{F184B08F-C81C-45F6-A57F-5ABD9991F28F}") = "Excepciones", "Excepciones\Excepciones.vbproj", "{FF938F3D-0DD9-4F8A-A98F-3D09F688E133}"
EndProject
Global
	GlobalSection(SolutionConfigurationPlatforms) = preSolution
		Debug|Any CPU = Debug|Any CPU
		Release|Any CPU = Release|Any CPU
	EndGlobalSection
	GlobalSection(ProjectConfigurationPlatforms) = postSolution
		{FF938F3D-0DD9-4F8A-A98F-3D09F688E133}.Debug|Any CPU.ActiveCfg = Debug|Any CPU
		{FF938F3D-0DD9-4F8A-A98F-3D09F688E133}.Debug|Any CPU.Build.0 = Debug|Any CPU
		{FF938F3D-0DD9-4F8A-A98F-3D09F688E133}.Release|Any CPU.ActiveCfg = Release|Any CPU
		{FF938F3D-0DD9-4F8A-A98F-3D09F688E133}.Release|Any CPU.Build.0 = Release|Any CPU
	EndGlobalSection
	GlobalSection(SolutionProperties) = preSolution
		HideSolutionNode = FALSE
	EndGlobalSection
	GlobalSection(ExtensibilityGlobals) = postSolution
		SolutionGuid = {C55948B3-FD4A-49F6-A05A-46D3E3F84CF8}
	EndGlobalSection
EndGlobal
